
Microsoft Visual Studio Solution File, Format Version 12.00
# Visual Studio 15
VisualStudioVersion = 15.0.26124.0
MinimumVisualStudioVersion = 15.0.26124.0
Project("{2150E333-8FDC-42A3-9474-1A3956D46DE8}") = "src", "src", "{BD8BA25C-A91D-419D-99B6-B575ADD6D061}"
EndProject
Project("{9A19103F-16F7-4668-BE54-9A1E7A4F7556}") = "IdentityServer", "src\IdentityServer\IdentityServer.csproj", "{79D1F107-F3AF-4A93-BF5D-49EF6A46E50E}"
EndProject
Project("{9A19103F-16F7-4668-BE54-9A1E7A4F7556}") = "IdentityServer4.AspNetIdentity", "..\IdentityServer4\src\AspNetIdentity\src\IdentityServer4.AspNetIdentity.csproj", "{924266CC-A3A1-4C37-85E0-3727330A6103}"
EndProject
Project("{9A19103F-16F7-4668-BE54-9A1E7A4F7556}") = "IdentityServer4", "..\IdentityServer4\src\IdentityServer4\src\IdentityServer4.csproj", "{28BA0760-5064-4ABC-8F24-6F1A8EB693BE}"
EndProject
Project("{9A19103F-16F7-4668-BE54-9A1E7A4F7556}") = "IdentityServer4.Storage", "..\IdentityServer4\src\Storage\src\IdentityServer4.Storage.csproj", "{C40B52F4-F10A-4E4A-AE70-43DBB33A6F0F}"
EndProject
Project("{9A19103F-16F7-4668-BE54-9A1E7A4F7556}") = "IdentityServer4.Dapper.Storage", "..\IdentityServer4\src\Dapper.Storage\src\IdentityServer4.Dapper.Storage.csproj", "{77F642EE-9B1A-466A-890F-D8891468D4D1}"
EndProject
Project("{9A19103F-16F7-4668-BE54-9A1E7A4F7556}") = "IdentityServer4.Dapper", "..\IdentityServer4\src\Dapper\src\IdentityServer4.Dapper.csproj", "{53326F30-9D5D-486F-A5C7-DD39586F2F20}"
EndProject
Project("{9A19103F-16F7-4668-BE54-9A1E7A4F7556}") = "Jupiter.Helpers", "..\..\Helpers\Helpers\Jupiter.Helpers.csproj", "{14492600-BBC4-46B9-AE15-7FF3BBDC2D0A}"
EndProject
Global
	GlobalSection(SolutionConfigurationPlatforms) = preSolution
		Debug|Any CPU = Debug|Any CPU
		Debug|x64 = Debug|x64
		Debug|x86 = Debug|x86
		Release|Any CPU = Release|Any CPU
		Release|x64 = Release|x64
		Release|x86 = Release|x86
	EndGlobalSection
	GlobalSection(ProjectConfigurationPlatforms) = postSolution
		{79D1F107-F3AF-4A93-BF5D-49EF6A46E50E}.Debug|Any CPU.ActiveCfg = Debug|Any CPU
		{79D1F107-F3AF-4A93-BF5D-49EF6A46E50E}.Debug|Any CPU.Build.0 = Debug|Any CPU
		{79D1F107-F3AF-4A93-BF5D-49EF6A46E50E}.Debug|x64.ActiveCfg = Debug|Any CPU
		{79D1F107-F3AF-4A93-BF5D-49EF6A46E50E}.Debug|x64.Build.0 = Debug|Any CPU
		{79D1F107-F3AF-4A93-BF5D-49EF6A46E50E}.Debug|x86.ActiveCfg = Debug|Any CPU
		{79D1F107-F3AF-4A93-BF5D-49EF6A46E50E}.Debug|x86.Build.0 = Debug|Any CPU
		{79D1F107-F3AF-4A93-BF5D-49EF6A46E50E}.Release|Any CPU.ActiveCfg = Release|Any CPU
		{79D1F107-F3AF-4A93-BF5D-49EF6A46E50E}.Release|Any CPU.Build.0 = Release|Any CPU
		{79D1F107-F3AF-4A93-BF5D-49EF6A46E50E}.Release|x64.ActiveCfg = Release|Any CPU
		{79D1F107-F3AF-4A93-BF5D-49EF6A46E50E}.Release|x64.Build.0 = Release|Any CPU
		{79D1F107-F3AF-4A93-BF5D-49EF6A46E50E}.Release|x86.ActiveCfg = Release|Any CPU
		{79D1F107-F3AF-4A93-BF5D-49EF6A46E50E}.Release|x86.Build.0 = Release|Any CPU
		{924266CC-A3A1-4C37-85E0-3727330A6103}.Debug|Any CPU.ActiveCfg = Debug|Any CPU
		{924266CC-A3A1-4C37-85E0-3727330A6103}.Debug|Any CPU.Build.0 = Debug|Any CPU
		{924266CC-A3A1-4C37-85E0-3727330A6103}.Debug|x64.ActiveCfg = Debug|Any CPU
		{924266CC-A3A1-4C37-85E0-3727330A6103}.Debug|x64.Build.0 = Debug|Any CPU
		{924266CC-A3A1-4C37-85E0-3727330A6103}.Debug|x86.ActiveCfg = Debug|Any CPU
		{924266CC-A3A1-4C37-85E0-3727330A6103}.Debug|x86.Build.0 = Debug|Any CPU
		{924266CC-A3A1-4C37-85E0-3727330A6103}.Release|Any CPU.ActiveCfg = Release|Any CPU
		{924266CC-A3A1-4C37-85E0-3727330A6103}.Release|Any CPU.Build.0 = Release|Any CPU
		{924266CC-A3A1-4C37-85E0-3727330A6103}.Release|x64.ActiveCfg = Release|Any CPU
		{924266CC-A3A1-4C37-85E0-3727330A6103}.Release|x64.Build.0 = Release|Any CPU
		{924266CC-A3A1-4C37-85E0-3727330A6103}.Release|x86.ActiveCfg = Release|Any CPU
		{924266CC-A3A1-4C37-85E0-3727330A6103}.Release|x86.Build.0 = Release|Any CPU
		{28BA0760-5064-4ABC-8F24-6F1A8EB693BE}.Debug|Any CPU.ActiveCfg = Debug|Any CPU
		{28BA0760-5064-4ABC-8F24-6F1A8EB693BE}.Debug|Any CPU.Build.0 = Debug|Any CPU
		{28BA0760-5064-4ABC-8F24-6F1A8EB693BE}.Debug|x64.ActiveCfg = Debug|Any CPU
		{28BA0760-5064-4ABC-8F24-6F1A8EB693BE}.Debug|x64.Build.0 = Debug|Any CPU
		{28BA0760-5064-4ABC-8F24-6F1A8EB693BE}.Debug|x86.ActiveCfg = Debug|Any CPU
		{28BA0760-5064-4ABC-8F24-6F1A8EB693BE}.Debug|x86.Build.0 = Debug|Any CPU
		{28BA0760-5064-4ABC-8F24-6F1A8EB693BE}.Release|Any CPU.ActiveCfg = Release|Any CPU
		{28BA0760-5064-4ABC-8F24-6F1A8EB693BE}.Release|Any CPU.Build.0 = Release|Any CPU
		{28BA0760-5064-4ABC-8F24-6F1A8EB693BE}.Release|x64.ActiveCfg = Release|Any CPU
		{28BA0760-5064-4ABC-8F24-6F1A8EB693BE}.Release|x64.Build.0 = Release|Any CPU
		{28BA0760-5064-4ABC-8F24-6F1A8EB693BE}.Release|x86.ActiveCfg = Release|Any CPU
		{28BA0760-5064-4ABC-8F24-6F1A8EB693BE}.Release|x86.Build.0 = Release|Any CPU
		{C40B52F4-F10A-4E4A-AE70-43DBB33A6F0F}.Debug|Any CPU.ActiveCfg = Debug|Any CPU
		{C40B52F4-F10A-4E4A-AE70-43DBB33A6F0F}.Debug|Any CPU.Build.0 = Debug|Any CPU
		{C40B52F4-F10A-4E4A-AE70-43DBB33A6F0F}.Debug|x64.ActiveCfg = Debug|Any CPU
		{C40B52F4-F10A-4E4A-AE70-43DBB33A6F0F}.Debug|x64.Build.0 = Debug|Any CPU
		{C40B52F4-F10A-4E4A-AE70-43DBB33A6F0F}.Debug|x86.ActiveCfg = Debug|Any CPU
		{C40B52F4-F10A-4E4A-AE70-43DBB33A6F0F}.Debug|x86.Build.0 = Debug|Any CPU
		{C40B52F4-F10A-4E4A-AE70-43DBB33A6F0F}.Release|Any CPU.ActiveCfg = Release|Any CPU
		{C40B52F4-F10A-4E4A-AE70-43DBB33A6F0F}.Release|Any CPU.Build.0 = Release|Any CPU
		{C40B52F4-F10A-4E4A-AE70-43DBB33A6F0F}.Release|x64.ActiveCfg = Release|Any CPU
		{C40B52F4-F10A-4E4A-AE70-43DBB33A6F0F}.Release|x64.Build.0 = Release|Any CPU
		{C40B52F4-F10A-4E4A-AE70-43DBB33A6F0F}.Release|x86.ActiveCfg = Release|Any CPU
		{C40B52F4-F10A-4E4A-AE70-43DBB33A6F0F}.Release|x86.Build.0 = Release|Any CPU
		{77F642EE-9B1A-466A-890F-D8891468D4D1}.Debug|Any CPU.ActiveCfg = Debug|Any CPU
		{77F642EE-9B1A-466A-890F-D8891468D4D1}.Debug|Any CPU.Build.0 = Debug|Any CPU
		{77F642EE-9B1A-466A-890F-D8891468D4D1}.Debug|x64.ActiveCfg = Debug|Any CPU
		{77F642EE-9B1A-466A-890F-D8891468D4D1}.Debug|x64.Build.0 = Debug|Any CPU
		{77F642EE-9B1A-466A-890F-D8891468D4D1}.Debug|x86.ActiveCfg = Debug|Any CPU
		{77F642EE-9B1A-466A-890F-D8891468D4D1}.Debug|x86.Build.0 = Debug|Any CPU
		{77F642EE-9B1A-466A-890F-D8891468D4D1}.Release|Any CPU.ActiveCfg = Release|Any CPU
		{77F642EE-9B1A-466A-890F-D8891468D4D1}.Release|Any CPU.Build.0 = Release|Any CPU
		{77F642EE-9B1A-466A-890F-D8891468D4D1}.Release|x64.ActiveCfg = Release|Any CPU
		{77F642EE-9B1A-466A-890F-D8891468D4D1}.Release|x64.Build.0 = Release|Any CPU
		{77F642EE-9B1A-466A-890F-D8891468D4D1}.Release|x86.ActiveCfg = Release|Any CPU
		{77F642EE-9B1A-466A-890F-D8891468D4D1}.Release|x86.Build.0 = Release|Any CPU
		{53326F30-9D5D-486F-A5C7-DD39586F2F20}.Debug|Any CPU.ActiveCfg = Debug|Any CPU
		{53326F30-9D5D-486F-A5C7-DD39586F2F20}.Debug|Any CPU.Build.0 = Debug|Any CPU
		{53326F30-9D5D-486F-A5C7-DD39586F2F20}.Debug|x64.ActiveCfg = Debug|Any CPU
		{53326F30-9D5D-486F-A5C7-DD39586F2F20}.Debug|x64.Build.0 = Debug|Any CPU
		{53326F30-9D5D-486F-A5C7-DD39586F2F20}.Debug|x86.ActiveCfg = Debug|Any CPU
		{53326F30-9D5D-486F-A5C7-DD39586F2F20}.Debug|x86.Build.0 = Debug|Any CPU
		{53326F30-9D5D-486F-A5C7-DD39586F2F20}.Release|Any CPU.ActiveCfg = Release|Any CPU
		{53326F30-9D5D-486F-A5C7-DD39586F2F20}.Release|Any CPU.Build.0 = Release|Any CPU
		{53326F30-9D5D-486F-A5C7-DD39586F2F20}.Release|x64.ActiveCfg = Release|Any CPU
		{53326F30-9D5D-486F-A5C7-DD39586F2F20}.Release|x64.Build.0 = Release|Any CPU
		{53326F30-9D5D-486F-A5C7-DD39586F2F20}.Release|x86.ActiveCfg = Release|Any CPU
		{53326F30-9D5D-486F-A5C7-DD39586F2F20}.Release|x86.Build.0 = Release|Any CPU
		{14492600-BBC4-46B9-AE15-7FF3BBDC2D0A}.Debug|Any CPU.ActiveCfg = Debug|Any CPU
		{14492600-BBC4-46B9-AE15-7FF3BBDC2D0A}.Debug|Any CPU.Build.0 = Debug|Any CPU
		{14492600-BBC4-46B9-AE15-7FF3BBDC2D0A}.Debug|x64.ActiveCfg = Debug|Any CPU
		{14492600-BBC4-46B9-AE15-7FF3BBDC2D0A}.Debug|x64.Build.0 = Debug|Any CPU
		{14492600-BBC4-46B9-AE15-7FF3BBDC2D0A}.Debug|x86.ActiveCfg = Debug|Any CPU
		{14492600-BBC4-46B9-AE15-7FF3BBDC2D0A}.Debug|x86.Build.0 = Debug|Any CPU
		{14492600-BBC4-46B9-AE15-7FF3BBDC2D0A}.Release|Any CPU.ActiveCfg = Release|Any CPU
		{14492600-BBC4-46B9-AE15-7FF3BBDC2D0A}.Release|Any CPU.Build.0 = Release|Any CPU
		{14492600-BBC4-46B9-AE15-7FF3BBDC2D0A}.Release|x64.ActiveCfg = Release|Any CPU
		{14492600-BBC4-46B9-AE15-7FF3BBDC2D0A}.Release|x64.Build.0 = Release|Any CPU
		{14492600-BBC4-46B9-AE15-7FF3BBDC2D0A}.Release|x86.ActiveCfg = Release|Any CPU
		{14492600-BBC4-46B9-AE15-7FF3BBDC2D0A}.Release|x86.Build.0 = Release|Any CPU
	EndGlobalSection
	GlobalSection(SolutionProperties) = preSolution
		HideSolutionNode = FALSE
	EndGlobalSection
	GlobalSection(NestedProjects) = preSolution
		{79D1F107-F3AF-4A93-BF5D-49EF6A46E50E} = {BD8BA25C-A91D-419D-99B6-B575ADD6D061}
		{924266CC-A3A1-4C37-85E0-3727330A6103} = {BD8BA25C-A91D-419D-99B6-B575ADD6D061}
		{28BA0760-5064-4ABC-8F24-6F1A8EB693BE} = {BD8BA25C-A91D-419D-99B6-B575ADD6D061}
		{C40B52F4-F10A-4E4A-AE70-43DBB33A6F0F} = {BD8BA25C-A91D-419D-99B6-B575ADD6D061}
		{77F642EE-9B1A-466A-890F-D8891468D4D1} = {BD8BA25C-A91D-419D-99B6-B575ADD6D061}
		{53326F30-9D5D-486F-A5C7-DD39586F2F20} = {BD8BA25C-A91D-419D-99B6-B575ADD6D061}
		{14492600-BBC4-46B9-AE15-7FF3BBDC2D0A} = {BD8BA25C-A91D-419D-99B6-B575ADD6D061}
	EndGlobalSection
	GlobalSection(ExtensibilityGlobals) = postSolution
		SolutionGuid = {84D5AF06-1243-46F1-9D58-70ED572832C3}
	EndGlobalSection
EndGlobal
